
Microsoft Visual Studio Solution File, Format Version 12.00
# Visual Studio Version 17
VisualStudioVersion = 17.13.35931.197
MinimumVisualStudioVersion = 10.0.40219.1
Project("{FAE04EC0-301F-11D3-BF4B-00C04F79EFBC}") = "App.Repositories", "Repositories\App.Repositories.csproj", "{E093EC6A-2E60-458A-B7CA-F0C984BE646A}"
EndProject
Project("{FAE04EC0-301F-11D3-BF4B-00C04F79EFBC}") = "App.Services", "Services\App.Services.csproj", "{5D4BE6BD-74E3-4733-9EA4-60AD12043EEB}"
EndProject
Project("{FAE04EC0-301F-11D3-BF4B-00C04F79EFBC}") = "App.API", "App.API\App.API.csproj", "{8BAA9F52-A384-40F9-B5A3-F20489B1A922}"
EndProject
Project("{2150E333-8FDC-42A3-9474-1A3956D46DE8}") = "NLayer", "NLayer", "{02EA681E-C7D8-13C7-8484-4AC65E1B71E8}"
EndProject
Project("{2150E333-8FDC-42A3-9474-1A3956D46DE8}") = "CleanArchitecture", "CleanArchitecture", "{E89EA67D-5DEC-424C-BD03-6E76F935CBB1}"
EndProject
Project("{2150E333-8FDC-42A3-9474-1A3956D46DE8}") = "src", "src", "{7EE7EE0D-B1BD-45FC-9AD3-4C9A07829B89}"
EndProject
Project("{2150E333-8FDC-42A3-9474-1A3956D46DE8}") = "test", "test", "{0184992D-4652-49E0-9D2E-C3ED1F6A9379}"
EndProject
Project("{2150E333-8FDC-42A3-9474-1A3956D46DE8}") = "Core", "Core", "{4C7D44D6-7371-46ED-BE6E-3E4D3DAFB7C8}"
EndProject
Project("{FAE04EC0-301F-11D3-BF4B-00C04F79EFBC}") = "App.Domain", "CleanArchitecture\src\Core\App.Domain\App.Domain.csproj", "{32592DA0-A1B9-4C4B-930B-537139F28061}"
EndProject
Project("{FAE04EC0-301F-11D3-BF4B-00C04F79EFBC}") = "App.Application", "CleanArchitecture\src\Core\App.Application\App.Application.csproj", "{00567180-A07A-4531-9A1F-C9FAE7D20208}"
EndProject
Project("{2150E333-8FDC-42A3-9474-1A3956D46DE8}") = "Infrastructure", "Infrastructure", "{F9869D69-5B81-4C74-BF8B-638C31F7F9E7}"
EndProject
Project("{FAE04EC0-301F-11D3-BF4B-00C04F79EFBC}") = "App.Persistence", "CleanArchitecture\src\Infrastructure\App.Persistence\App.Persistence.csproj", "{5DEF9A7D-B3A1-48BB-9346-8847396F65F4}"
EndProject
Project("{2150E333-8FDC-42A3-9474-1A3956D46DE8}") = "API", "API", "{D553CBD7-CBFF-4250-BF1A-9856A77F478A}"
EndProject
Project("{FAE04EC0-301F-11D3-BF4B-00C04F79EFBC}") = "App.API", "CleanArchitecture\src\API\App.API\App.API.csproj", "{DCF9ACD3-4524-4FE5-A15C-756EBF73AE41}"
EndProject
Project("{FAE04EC0-301F-11D3-BF4B-00C04F79EFBC}") = "App.Caching", "CleanArchitecture\src\Infrastructure\App.Caching\App.Caching.csproj", "{6349355B-15D9-42B4-9AC0-4E023B3E7339}"
EndProject
Project("{FAE04EC0-301F-11D3-BF4B-00C04F79EFBC}") = "App.Bus", "CleanArchitecture\src\Infrastructure\App.Bus\App.Bus.csproj", "{2C78AB33-52E4-4462-B1BE-C4E4411CD38F}"
EndProject
Global
	GlobalSection(SolutionConfigurationPlatforms) = preSolution
		Debug|Any CPU = Debug|Any CPU
		Release|Any CPU = Release|Any CPU
	EndGlobalSection
	GlobalSection(ProjectConfigurationPlatforms) = postSolution
		{E093EC6A-2E60-458A-B7CA-F0C984BE646A}.Debug|Any CPU.ActiveCfg = Debug|Any CPU
		{E093EC6A-2E60-458A-B7CA-F0C984BE646A}.Debug|Any CPU.Build.0 = Debug|Any CPU
		{E093EC6A-2E60-458A-B7CA-F0C984BE646A}.Release|Any CPU.ActiveCfg = Release|Any CPU
		{E093EC6A-2E60-458A-B7CA-F0C984BE646A}.Release|Any CPU.Build.0 = Release|Any CPU
		{5D4BE6BD-74E3-4733-9EA4-60AD12043EEB}.Debug|Any CPU.ActiveCfg = Debug|Any CPU
		{5D4BE6BD-74E3-4733-9EA4-60AD12043EEB}.Debug|Any CPU.Build.0 = Debug|Any CPU
		{5D4BE6BD-74E3-4733-9EA4-60AD12043EEB}.Release|Any CPU.ActiveCfg = Release|Any CPU
		{5D4BE6BD-74E3-4733-9EA4-60AD12043EEB}.Release|Any CPU.Build.0 = Release|Any CPU
		{8BAA9F52-A384-40F9-B5A3-F20489B1A922}.Debug|Any CPU.ActiveCfg = Debug|Any CPU
		{8BAA9F52-A384-40F9-B5A3-F20489B1A922}.Debug|Any CPU.Build.0 = Debug|Any CPU
		{8BAA9F52-A384-40F9-B5A3-F20489B1A922}.Release|Any CPU.ActiveCfg = Release|Any CPU
		{8BAA9F52-A384-40F9-B5A3-F20489B1A922}.Release|Any CPU.Build.0 = Release|Any CPU
		{32592DA0-A1B9-4C4B-930B-537139F28061}.Debug|Any CPU.ActiveCfg = Debug|Any CPU
		{32592DA0-A1B9-4C4B-930B-537139F28061}.Debug|Any CPU.Build.0 = Debug|Any CPU
		{32592DA0-A1B9-4C4B-930B-537139F28061}.Release|Any CPU.ActiveCfg = Release|Any CPU
		{32592DA0-A1B9-4C4B-930B-537139F28061}.Release|Any CPU.Build.0 = Release|Any CPU
		{00567180-A07A-4531-9A1F-C9FAE7D20208}.Debug|Any CPU.ActiveCfg = Debug|Any CPU
		{00567180-A07A-4531-9A1F-C9FAE7D20208}.Debug|Any CPU.Build.0 = Debug|Any CPU
		{00567180-A07A-4531-9A1F-C9FAE7D20208}.Release|Any CPU.ActiveCfg = Release|Any CPU
		{00567180-A07A-4531-9A1F-C9FAE7D20208}.Release|Any CPU.Build.0 = Release|Any CPU
		{5DEF9A7D-B3A1-48BB-9346-8847396F65F4}.Debug|Any CPU.ActiveCfg = Debug|Any CPU
		{5DEF9A7D-B3A1-48BB-9346-8847396F65F4}.Debug|Any CPU.Build.0 = Debug|Any CPU
		{5DEF9A7D-B3A1-48BB-9346-8847396F65F4}.Release|Any CPU.ActiveCfg = Release|Any CPU
		{5DEF9A7D-B3A1-48BB-9346-8847396F65F4}.Release|Any CPU.Build.0 = Release|Any CPU
		{DCF9ACD3-4524-4FE5-A15C-756EBF73AE41}.Debug|Any CPU.ActiveCfg = Debug|Any CPU
		{DCF9ACD3-4524-4FE5-A15C-756EBF73AE41}.Debug|Any CPU.Build.0 = Debug|Any CPU
		{DCF9ACD3-4524-4FE5-A15C-756EBF73AE41}.Release|Any CPU.ActiveCfg = Release|Any CPU
		{DCF9ACD3-4524-4FE5-A15C-756EBF73AE41}.Release|Any CPU.Build.0 = Release|Any CPU
		{6349355B-15D9-42B4-9AC0-4E023B3E7339}.Debug|Any CPU.ActiveCfg = Debug|Any CPU
		{6349355B-15D9-42B4-9AC0-4E023B3E7339}.Debug|Any CPU.Build.0 = Debug|Any CPU
		{6349355B-15D9-42B4-9AC0-4E023B3E7339}.Release|Any CPU.ActiveCfg = Release|Any CPU
		{6349355B-15D9-42B4-9AC0-4E023B3E7339}.Release|Any CPU.Build.0 = Release|Any CPU
		{2C78AB33-52E4-4462-B1BE-C4E4411CD38F}.Debug|Any CPU.ActiveCfg = Debug|Any CPU
		{2C78AB33-52E4-4462-B1BE-C4E4411CD38F}.Debug|Any CPU.Build.0 = Debug|Any CPU
		{2C78AB33-52E4-4462-B1BE-C4E4411CD38F}.Release|Any CPU.ActiveCfg = Release|Any CPU
		{2C78AB33-52E4-4462-B1BE-C4E4411CD38F}.Release|Any CPU.Build.0 = Release|Any CPU
	EndGlobalSection
	GlobalSection(SolutionProperties) = preSolution
		HideSolutionNode = FALSE
	EndGlobalSection
	GlobalSection(NestedProjects) = preSolution
		{E093EC6A-2E60-458A-B7CA-F0C984BE646A} = {02EA681E-C7D8-13C7-8484-4AC65E1B71E8}
		{5D4BE6BD-74E3-4733-9EA4-60AD12043EEB} = {02EA681E-C7D8-13C7-8484-4AC65E1B71E8}
		{8BAA9F52-A384-40F9-B5A3-F20489B1A922} = {02EA681E-C7D8-13C7-8484-4AC65E1B71E8}
		{7EE7EE0D-B1BD-45FC-9AD3-4C9A07829B89} = {E89EA67D-5DEC-424C-BD03-6E76F935CBB1}
		{0184992D-4652-49E0-9D2E-C3ED1F6A9379} = {E89EA67D-5DEC-424C-BD03-6E76F935CBB1}
		{4C7D44D6-7371-46ED-BE6E-3E4D3DAFB7C8} = {7EE7EE0D-B1BD-45FC-9AD3-4C9A07829B89}
		{32592DA0-A1B9-4C4B-930B-537139F28061} = {4C7D44D6-7371-46ED-BE6E-3E4D3DAFB7C8}
		{00567180-A07A-4531-9A1F-C9FAE7D20208} = {4C7D44D6-7371-46ED-BE6E-3E4D3DAFB7C8}
		{F9869D69-5B81-4C74-BF8B-638C31F7F9E7} = {7EE7EE0D-B1BD-45FC-9AD3-4C9A07829B89}
		{5DEF9A7D-B3A1-48BB-9346-8847396F65F4} = {F9869D69-5B81-4C74-BF8B-638C31F7F9E7}
		{D553CBD7-CBFF-4250-BF1A-9856A77F478A} = {7EE7EE0D-B1BD-45FC-9AD3-4C9A07829B89}
		{DCF9ACD3-4524-4FE5-A15C-756EBF73AE41} = {D553CBD7-CBFF-4250-BF1A-9856A77F478A}
		{6349355B-15D9-42B4-9AC0-4E023B3E7339} = {F9869D69-5B81-4C74-BF8B-638C31F7F9E7}
		{2C78AB33-52E4-4462-B1BE-C4E4411CD38F} = {F9869D69-5B81-4C74-BF8B-638C31F7F9E7}
	EndGlobalSection
	GlobalSection(ExtensibilityGlobals) = postSolution
		SolutionGuid = {FD283BC9-FD38-4A3B-BD96-2DEB941CD77A}
	EndGlobalSection
EndGlobal
